// !$*UTF8*$!
{
	archiveVersion = 1;
	classes = {
	};
	objectVersion = 77;
	objects = {

/* Begin PBXContainerItemProxy section */
		BE94D9512D847C850057A926 /* PBXContainerItemProxy */ = {
			isa = PBXContainerItemProxy;
			containerPortal = BE94D9382D847C840057A926 /* Project object */;
			proxyType = 1;
			remoteGlobalIDString = BE94D93F2D847C840057A926;
			remoteInfo = LuckyPicker;
		};
		BE94D95B2D847C850057A926 /* PBXContainerItemProxy */ = {
			isa = PBXContainerItemProxy;
			containerPortal = BE94D9382D847C840057A926 /* Project object */;
			proxyType = 1;
			remoteGlobalIDString = BE94D93F2D847C840057A926;
			remoteInfo = LuckyPicker;
		};
/* End PBXContainerItemProxy section */

/* Begin PBXFileReference section */
		BE94D9402D847C840057A926 /* LuckyPicker.app */ = {isa = PBXFileReference; explicitFileType = wrapper.application; includeInIndex = 0; path = LuckyPicker.app; sourceTree = BUILT_PRODUCTS_DIR; };
		BE94D9502D847C850057A926 /* LuckyPickerTests.xctest */ = {isa = PBXFileReference; explicitFileType = wrapper.cfbundle; includeInIndex = 0; path = LuckyPickerTests.xctest; sourceTree = BUILT_PRODUCTS_DIR; };
		BE94D95A2D847C850057A926 /* LuckyPickerUITests.xctest */ = {isa = PBXFileReference; explicitFileType = wrapper.cfbundle; includeInIndex = 0; path = LuckyPickerUITests.xctest; sourceTree = BUILT_PRODUCTS_DIR; };
/* End PBXFileReference section */

/* Begin PBXFileSystemSynchronizedRootGroup section */
		BE94D9422D847C840057A926 /* LuckyPicker */ = {
			isa = PBXFileSystemSynchronizedRootGroup;
			path = LuckyPicker;
			sourceTree = "<group>";
		};
		BE94D9532D847C850057A926 /* LuckyPickerTests */ = {
			isa = PBXFileSystemSynchronizedRootGroup;
			path = LuckyPickerTests;
			sourceTree = "<group>";
		};
		BE94D95D2D847C850057A926 /* LuckyPickerUITests */ = {
			isa = PBXFileSystemSynchronizedRootGroup;
			path = LuckyPickerUITests;
			sourceTree = "<group>";
		};
/* End PBXFileSystemSynchronizedRootGroup section */

/* Begin PBXFrameworksBuildPhase section */
		BE94D93D2D847C840057A926 /* Frameworks */ = {
			isa = PBXFrameworksBuildPhase;
			buildActionMask = 2147483647;
			files = (
			);
			runOnlyForDeploymentPostprocessing = 0;
		};
		BE94D94D2D847C850057A926 /* Frameworks */ = {
			isa = PBXFrameworksBuildPhase;
			buildActionMask = 2147483647;
			files = (
			);
			runOnlyForDeploymentPostprocessing = 0;
		};
		BE94D9572D847C850057A926 /* Frameworks */ = {
			isa = PBXFrameworksBuildPhase;
			buildActionMask = 2147483647;
			files = (
			);
			runOnlyForDeploymentPostprocessing = 0;
		};
/* End PBXFrameworksBuildPhase section */

/* Begin PBXGroup section */
		BE94D9372D847C840057A926 = {
			isa = PBXGroup;
			children = (
				BE94D9422D847C840057A926 /* LuckyPicker */,
				BE94D9532D847C850057A926 /* LuckyPickerTests */,
				BE94D95D2D847C850057A926 /* LuckyPickerUITests */,
				BE94D9412D847C840057A926 /* Products */,
			);
			sourceTree = "<group>";
		};
		BE94D9412D847C840057A926 /* Products */ = {
			isa = PBXGroup;
			children = (
				BE94D9402D847C840057A926 /* LuckyPicker.app */,
				BE94D9502D847C850057A926 /* LuckyPickerTests.xctest */,
				BE94D95A2D847C850057A926 /* LuckyPickerUITests.xctest */,
			);
			name = Products;
			sourceTree = "<group>";
		};
/* End PBXGroup section */

/* Begin PBXNativeTarget section */
		BE94D93F2D847C840057A926 /* LuckyPicker */ = {
			isa = PBXNativeTarget;
			buildConfigurationList = BE94D9642D847C850057A926 /* Build configuration list for PBXNativeTarget "LuckyPicker" */;
			buildPhases = (
				BE94D93C2D847C840057A926 /* Sources */,
				BE94D93D2D847C840057A926 /* Frameworks */,
				BE94D93E2D847C840057A926 /* Resources */,
			);
			buildRules = (
			);
			dependencies = (
			);
			fileSystemSynchronizedGroups = (
				BE94D9422D847C840057A926 /* LuckyPicker */,
			);
			name = LuckyPicker;
			packageProductDependencies = (
			);
			productName = LuckyPicker;
			productReference = BE94D9402D847C840057A926 /* LuckyPicker.app */;
			productType = "com.apple.product-type.application";
		};
		BE94D94F2D847C850057A926 /* LuckyPickerTests */ = {
			isa = PBXNativeTarget;
			buildConfigurationList = BE94D9672D847C850057A926 /* Build configuration list for PBXNativeTarget "LuckyPickerTests" */;
			buildPhases = (
				BE94D94C2D847C850057A926 /* Sources */,
				BE94D94D2D847C850057A926 /* Frameworks */,
				BE94D94E2D847C850057A926 /* Resources */,
			);
			buildRules = (
			);
			dependencies = (
				BE94D9522D847C850057A926 /* PBXTargetDependency */,
			);
			fileSystemSynchronizedGroups = (
				BE94D9532D847C850057A926 /* LuckyPickerTests */,
			);
			name = LuckyPickerTests;
			packageProductDependencies = (
			);
			productName = LuckyPickerTests;
			productReference = BE94D9502D847C850057A926 /* LuckyPickerTests.xctest */;
			productType = "com.apple.product-type.bundle.unit-test";
		};
		BE94D9592D847C850057A926 /* LuckyPickerUITests */ = {
			isa = PBXNativeTarget;
			buildConfigurationList = BE94D96A2D847C850057A926 /* Build configuration list for PBXNativeTarget "LuckyPickerUITests" */;
			buildPhases = (
				BE94D9562D847C850057A926 /* Sources */,
				BE94D9572D847C850057A926 /* Frameworks */,
				BE94D9582D847C850057A926 /* Resources */,
			);
			buildRules = (
			);
			dependencies = (
				BE94D95C2D847C850057A926 /* PBXTargetDependency */,
			);
			fileSystemSynchronizedGroups = (
				BE94D95D2D847C850057A926 /* LuckyPickerUITests */,
			);
			name = LuckyPickerUITests;
			packageProductDependencies = (
			);
			productName = LuckyPickerUITests;
			productReference = BE94D95A2D847C850057A926 /* LuckyPickerUITests.xctest */;
			productType = "com.apple.product-type.bundle.ui-testing";
		};
/* End PBXNativeTarget section */

/* Begin PBXProject section */
		BE94D9382D847C840057A926 /* Project object */ = {
			isa = PBXProject;
			attributes = {
				BuildIndependentTargetsInParallel = 1;
				LastSwiftUpdateCheck = 1620;
				LastUpgradeCheck = 1620;
				TargetAttributes = {
					BE94D93F2D847C840057A926 = {
						CreatedOnToolsVersion = 16.2;
					};
					BE94D94F2D847C850057A926 = {
						CreatedOnToolsVersion = 16.2;
						TestTargetID = BE94D93F2D847C840057A926;
					};
					BE94D9592D847C850057A926 = {
						CreatedOnToolsVersion = 16.2;
						TestTargetID = BE94D93F2D847C840057A926;
					};
				};
			};
			buildConfigurationList = BE94D93B2D847C840057A926 /* Build configuration list for PBXProject "LuckyPicker" */;
			developmentRegion = en;
			hasScannedForEncodings = 0;
			knownRegions = (
				en,
				Base,
			);
			mainGroup = BE94D9372D847C840057A926;
			minimizedProjectReferenceProxies = 1;
			preferredProjectObjectVersion = 77;
			productRefGroup = BE94D9412D847C840057A926 /* Products */;
			projectDirPath = "";
			projectRoot = "";
			targets = (
				BE94D93F2D847C840057A926 /* LuckyPicker */,
				BE94D94F2D847C850057A926 /* LuckyPickerTests */,
				BE94D9592D847C850057A926 /* LuckyPickerUITests */,
			);
		};
/* End PBXProject section */

/* Begin PBXResourcesBuildPhase section */
		BE94D93E2D847C840057A926 /* Resources */ = {
			isa = PBXResourcesBuildPhase;
			buildActionMask = 2147483647;
			files = (
			);
			runOnlyForDeploymentPostprocessing = 0;
		};
		BE94D94E2D847C850057A926 /* Resources */ = {
			isa = PBXResourcesBuildPhase;
			buildActionMask = 2147483647;
			files = (
			);
			runOnlyForDeploymentPostprocessing = 0;
		};
		BE94D9582D847C850057A926 /* Resources */ = {
			isa = PBXResourcesBuildPhase;
			buildActionMask = 2147483647;
			files = (
			);
			runOnlyForDeploymentPostprocessing = 0;
		};
/* End PBXResourcesBuildPhase section */

/* Begin PBXSourcesBuildPhase section */
		BE94D93C2D847C840057A926 /* Sources */ = {
			isa = PBXSourcesBuildPhase;
			buildActionMask = 2147483647;
			files = (
			);
			runOnlyForDeploymentPostprocessing = 0;
		};
		BE94D94C2D847C850057A926 /* Sources */ = {
			isa = PBXSourcesBuildPhase;
			buildActionMask = 2147483647;
			files = (
			);
			runOnlyForDeploymentPostprocessing = 0;
		};
		BE94D9562D847C850057A926 /* Sources */ = {
			isa = PBXSourcesBuildPhase;
			buildActionMask = 2147483647;
			files = (
			);
			runOnlyForDeploymentPostprocessing = 0;
		};
/* End PBXSourcesBuildPhase section */

/* Begin PBXTargetDependency section */
		BE94D9522D847C850057A926 /* PBXTargetDependency */ = {
			isa = PBXTargetDependency;
			target = BE94D93F2D847C840057A926 /* LuckyPicker */;
			targetProxy = BE94D9512D847C850057A926 /* PBXContainerItemProxy */;
		};
		BE94D95C2D847C850057A926 /* PBXTargetDependency */ = {
			isa = PBXTargetDependency;
			target = BE94D93F2D847C840057A926 /* LuckyPicker */;
			targetProxy = BE94D95B2D847C850057A926 /* PBXContainerItemProxy */;
		};
/* End PBXTargetDependency section */

/* Begin XCBuildConfiguration section */
		BE94D9622D847C850057A926 /* Debug */ = {
			isa = XCBuildConfiguration;
			buildSettings = {
				ALWAYS_SEARCH_USER_PATHS = NO;
				ASSETCATALOG_COMPILER_GENERATE_SWIFT_ASSET_SYMBOL_EXTENSIONS = YES;
				CLANG_ANALYZER_NONNULL = YES;
				CLANG_ANALYZER_NUMBER_OBJECT_CONVERSION = YES_AGGRESSIVE;
				CLANG_CXX_LANGUAGE_STANDARD = "gnu++20";
				CLANG_ENABLE_MODULES = YES;
				CLANG_ENABLE_OBJC_ARC = YES;
				CLANG_ENABLE_OBJC_WEAK = YES;
				CLANG_WARN_BLOCK_CAPTURE_AUTORELEASING = YES;
				CLANG_WARN_BOOL_CONVERSION = YES;
				CLANG_WARN_COMMA = YES;
				CLANG_WARN_CONSTANT_CONVERSION = YES;
				CLANG_WARN_DEPRECATED_OBJC_IMPLEMENTATIONS = YES;
				CLANG_WARN_DIRECT_OBJC_ISA_USAGE = YES_ERROR;
				CLANG_WARN_DOCUMENTATION_COMMENTS = YES;
				CLANG_WARN_EMPTY_BODY = YES;
				CLANG_WARN_ENUM_CONVERSION = YES;
				CLANG_WARN_INFINITE_RECURSION = YES;
				CLANG_WARN_INT_CONVERSION = YES;
				CLANG_WARN_NON_LITERAL_NULL_CONVERSION = YES;
				CLANG_WARN_OBJC_IMPLICIT_RETAIN_SELF = YES;
				CLANG_WARN_OBJC_LITERAL_CONVERSION = YES;
				CLANG_WARN_OBJC_ROOT_CLASS = YES_ERROR;
				CLANG_WARN_QUOTED_INCLUDE_IN_FRAMEWORK_HEADER = YES;
				CLANG_WARN_RANGE_LOOP_ANALYSIS = YES;
				CLANG_WARN_STRICT_PROTOTYPES = YES;
				CLANG_WARN_SUSPICIOUS_MOVE = YES;
				CLANG_WARN_UNGUARDED_AVAILABILITY = YES_AGGRESSIVE;
				CLANG_WARN_UNREACHABLE_CODE = YES;
				CLANG_WARN__DUPLICATE_METHOD_MATCH = YES;
				COPY_PHASE_STRIP = NO;
				DEBUG_INFORMATION_FORMAT = dwarf;
				ENABLE_STRICT_OBJC_MSGSEND = YES;
				ENABLE_TESTABILITY = YES;
				ENABLE_USER_SCRIPT_SANDBOXING = YES;
				GCC_C_LANGUAGE_STANDARD = gnu17;
				GCC_DYNAMIC_NO_PIC = NO;
				GCC_NO_COMMON_BLOCKS = YES;
				GCC_OPTIMIZATION_LEVEL = 0;
				GCC_PREPROCESSOR_DEFINITIONS = (
					"DEBUG=1",
					"$(inherited)",
				);
				GCC_WARN_64_TO_32_BIT_CONVERSION = YES;
				GCC_WARN_ABOUT_RETURN_TYPE = YES_ERROR;
				GCC_WARN_UNDECLARED_SELECTOR = YES;
				GCC_WARN_UNINITIALIZED_AUTOS = YES_AGGRESSIVE;
				GCC_WARN_UNUSED_FUNCTION = YES;
				GCC_WARN_UNUSED_VARIABLE = YES;
				IPHONEOS_DEPLOYMENT_TARGET = 18.2;
				LOCALIZATION_PREFERS_STRING_CATALOGS = YES;
				MTL_ENABLE_DEBUG_INFO = INCLUDE_SOURCE;
				MTL_FAST_MATH = YES;
				ONLY_ACTIVE_ARCH = YES;
				SDKROOT = iphoneos;
				SWIFT_ACTIVE_COMPILATION_CONDITIONS = "DEBUG $(inherited)";
				SWIFT_OPTIMIZATION_LEVEL = "-Onone";
			};
			name = Debug;
		};
		BE94D9632D847C850057A926 /* Release */ = {
			isa = XCBuildConfiguration;
			buildSettings = {
				ALWAYS_SEARCH_USER_PATHS = NO;
				ASSETCATALOG_COMPILER_GENERATE_SWIFT_ASSET_SYMBOL_EXTENSIONS = YES;
				CLANG_ANALYZER_NONNULL = YES;
				CLANG_ANALYZER_NUMBER_OBJECT_CONVERSION = YES_AGGRESSIVE;
				CLANG_CXX_LANGUAGE_STANDARD = "gnu++20";
				CLANG_ENABLE_MODULES = YES;
				CLANG_ENABLE_OBJC_ARC = YES;
				CLANG_ENABLE_OBJC_WEAK = YES;
				CLANG_WARN_BLOCK_CAPTURE_AUTORELEASING = YES;
				CLANG_WARN_BOOL_CONVERSION = YES;
				CLANG_WARN_COMMA = YES;
				CLANG_WARN_CONSTANT_CONVERSION = YES;
				CLANG_WARN_DEPRECATED_OBJC_IMPLEMENTATIONS = YES;
				CLANG_WARN_DIRECT_OBJC_ISA_USAGE = YES_ERROR;
				CLANG_WARN_DOCUMENTATION_COMMENTS = YES;
				CLANG_WARN_EMPTY_BODY = YES;
				CLANG_WARN_ENUM_CONVERSION = YES;
				CLANG_WARN_INFINITE_RECURSION = YES;
				CLANG_WARN_INT_CONVERSION = YES;
				CLANG_WARN_NON_LITERAL_NULL_CONVERSION = YES;
				CLANG_WARN_OBJC_IMPLICIT_RETAIN_SELF = YES;
				CLANG_WARN_OBJC_LITERAL_CONVERSION = YES;
				CLANG_WARN_OBJC_ROOT_CLASS = YES_ERROR;
				CLANG_WARN_QUOTED_INCLUDE_IN_FRAMEWORK_HEADER = YES;
				CLANG_WARN_RANGE_LOOP_ANALYSIS = YES;
				CLANG_WARN_STRICT_PROTOTYPES = YES;
				CLANG_WARN_SUSPICIOUS_MOVE = YES;
				CLANG_WARN_UNGUARDED_AVAILABILITY = YES_AGGRESSIVE;
				CLANG_WARN_UNREACHABLE_CODE = YES;
				CLANG_WARN__DUPLICATE_METHOD_MATCH = YES;
				COPY_PHASE_STRIP = NO;
				DEBUG_INFORMATION_FORMAT = "dwarf-with-dsym";
				ENABLE_NS_ASSERTIONS = NO;
				ENABLE_STRICT_OBJC_MSGSEND = YES;
				ENABLE_USER_SCRIPT_SANDBOXING = YES;
				GCC_C_LANGUAGE_STANDARD = gnu17;
				GCC_NO_COMMON_BLOCKS = YES;
				GCC_WARN_64_TO_32_BIT_CONVERSION = YES;
				GCC_WARN_ABOUT_RETURN_TYPE = YES_ERROR;
				GCC_WARN_UNDECLARED_SELECTOR = YES;
				GCC_WARN_UNINITIALIZED_AUTOS = YES_AGGRESSIVE;
				GCC_WARN_UNUSED_FUNCTION = YES;
				GCC_WARN_UNUSED_VARIABLE = YES;
				IPHONEOS_DEPLOYMENT_TARGET = 18.2;
				LOCALIZATION_PREFERS_STRING_CATALOGS = YES;
				MTL_ENABLE_DEBUG_INFO = NO;
				MTL_FAST_MATH = YES;
				SDKROOT = iphoneos;
				SWIFT_COMPILATION_MODE = wholemodule;
				VALIDATE_PRODUCT = YES;
			};
			name = Release;
		};
		BE94D9652D847C850057A926 /* Debug */ = {
			isa = XCBuildConfiguration;
			buildSettings = {
				ASSETCATALOG_COMPILER_APPICON_NAME = AppIcon;
				ASSETCATALOG_COMPILER_GLOBAL_ACCENT_COLOR_NAME = AccentColor;
				CODE_SIGN_STYLE = Automatic;
				CURRENT_PROJECT_VERSION = 1;
				DEVELOPMENT_ASSET_PATHS = "\"LuckyPicker/Preview Content\"";
				DEVELOPMENT_TEAM = 868LV2UWY2;
				ENABLE_PREVIEWS = YES;
				GENERATE_INFOPLIST_FILE = YES;
				INFOPLIST_KEY_UIApplicationSceneManifest_Generation = YES;
				INFOPLIST_KEY_UIApplicationSupportsIndirectInputEvents = YES;
				INFOPLIST_KEY_UILaunchScreen_Generation = YES;
				INFOPLIST_KEY_UISupportedInterfaceOrientations_iPad = "UIInterfaceOrientationPortrait UIInterfaceOrientationPortraitUpsideDown UIInterfaceOrientationLandscapeLeft UIInterfaceOrientationLandscapeRight";
				INFOPLIST_KEY_UISupportedInterfaceOrientations_iPhone = "UIInterfaceOrientationPortrait UIInterfaceOrientationLandscapeLeft UIInterfaceOrientationLandscapeRight";
				LD_RUNPATH_SEARCH_PATHS = (
					"$(inherited)",
					"@executable_path/Frameworks",
				);
				MARKETING_VERSION = 1.0;
				PRODUCT_BUNDLE_IDENTIFIER = Tetris.LuckyPicker;
				PRODUCT_NAME = "$(TARGET_NAME)";
				SWIFT_EMIT_LOC_STRINGS = YES;
				SWIFT_VERSION = 5.0;
				TARGETED_DEVICE_FAMILY = "1,2";
			};
			name = Debug;
		};
		BE94D9662D847C850057A926 /* Release */ = {
			isa = XCBuildConfiguration;
			buildSettings = {
				ASSETCATALOG_COMPILER_APPICON_NAME = AppIcon;
				ASSETCATALOG_COMPILER_GLOBAL_ACCENT_COLOR_NAME = AccentColor;
				CODE_SIGN_STYLE = Automatic;
				CURRENT_PROJECT_VERSION = 1;
				DEVELOPMENT_ASSET_PATHS = "\"LuckyPicker/Preview Content\"";
				DEVELOPMENT_TEAM = 868LV2UWY2;
				ENABLE_PREVIEWS = YES;
				GENERATE_INFOPLIST_FILE = YES;
				INFOPLIST_KEY_UIApplicationSceneManifest_Generation = YES;
				INFOPLIST_KEY_UIApplicationSupportsIndirectInputEvents = YES;
				INFOPLIST_KEY_UILaunchScreen_Generation = YES;
				INFOPLIST_KEY_UISupportedInterfaceOrientations_iPad = "UIInterfaceOrientationPortrait UIInterfaceOrientationPortraitUpsideDown UIInterfaceOrientationLandscapeLeft UIInterfaceOrientationLandscapeRight";
				INFOPLIST_KEY_UISupportedInterfaceOrientations_iPhone = "UIInterfaceOrientationPortrait UIInterfaceOrientationLandscapeLeft UIInterfaceOrientationLandscapeRight";
				LD_RUNPATH_SEARCH_PATHS = (
					"$(inherited)",
					"@executable_path/Frameworks",
				);
				MARKETING_VERSION = 1.0;
				PRODUCT_BUNDLE_IDENTIFIER = Tetris.LuckyPicker;
				PRODUCT_NAME = "$(TARGET_NAME)";
				SWIFT_EMIT_LOC_STRINGS = YES;
				SWIFT_VERSION = 5.0;
				TARGETED_DEVICE_FAMILY = "1,2";
			};
			name = Release;
		};
		BE94D9682D847C850057A926 /* Debug */ = {
			isa = XCBuildConfiguration;
			buildSettings = {
				BUNDLE_LOADER = "$(TEST_HOST)";
				CODE_SIGN_STYLE = Automatic;
				CURRENT_PROJECT_VERSION = 1;
				GENERATE_INFOPLIST_FILE = YES;
				IPHONEOS_DEPLOYMENT_TARGET = 18.2;
				MARKETING_VERSION = 1.0;
				PRODUCT_BUNDLE_IDENTIFIER = Tetris.LuckyPickerTests;
				PRODUCT_NAME = "$(TARGET_NAME)";
				SWIFT_EMIT_LOC_STRINGS = NO;
				SWIFT_VERSION = 5.0;
				TARGETED_DEVICE_FAMILY = "1,2";
				TEST_HOST = "$(BUILT_PRODUCTS_DIR)/LuckyPicker.app/$(BUNDLE_EXECUTABLE_FOLDER_PATH)/LuckyPicker";
			};
			name = Debug;
		};
		BE94D9692D847C850057A926 /* Release */ = {
			isa = XCBuildConfiguration;
			buildSettings = {
				BUNDLE_LOADER = "$(TEST_HOST)";
				CODE_SIGN_STYLE = Automatic;
				CURRENT_PROJECT_VERSION = 1;
				GENERATE_INFOPLIST_FILE = YES;
				IPHONEOS_DEPLOYMENT_TARGET = 18.2;
				MARKETING_VERSION = 1.0;
				PRODUCT_BUNDLE_IDENTIFIER = Tetris.LuckyPickerTests;
				PRODUCT_NAME = "$(TARGET_NAME)";
				SWIFT_EMIT_LOC_STRINGS = NO;
				SWIFT_VERSION = 5.0;
				TARGETED_DEVICE_FAMILY = "1,2";
				TEST_HOST = "$(BUILT_PRODUCTS_DIR)/LuckyPicker.app/$(BUNDLE_EXECUTABLE_FOLDER_PATH)/LuckyPicker";
			};
			name = Release;
		};
		BE94D96B2D847C850057A926 /* Debug */ = {
			isa = XCBuildConfiguration;
			buildSettings = {
				CODE_SIGN_STYLE = Automatic;
				CURRENT_PROJECT_VERSION = 1;
				GENERATE_INFOPLIST_FILE = YES;
				MARKETING_VERSION = 1.0;
				PRODUCT_BUNDLE_IDENTIFIER = Tetris.LuckyPickerUITests;
				PRODUCT_NAME = "$(TARGET_NAME)";
				SWIFT_EMIT_LOC_STRINGS = NO;
				SWIFT_VERSION = 5.0;
				TARGETED_DEVICE_FAMILY = "1,2";
				TEST_TARGET_NAME = LuckyPicker;
			};
			name = Debug;
		};
		BE94D96C2D847C850057A926 /* Release */ = {
			isa = XCBuildConfiguration;
			buildSettings = {
				CODE_SIGN_STYLE = Automatic;
				CURRENT_PROJECT_VERSION = 1;
				GENERATE_INFOPLIST_FILE = YES;
				MARKETING_VERSION = 1.0;
				PRODUCT_BUNDLE_IDENTIFIER = Tetris.LuckyPickerUITests;
				PRODUCT_NAME = "$(TARGET_NAME)";
				SWIFT_EMIT_LOC_STRINGS = NO;
				SWIFT_VERSION = 5.0;
				TARGETED_DEVICE_FAMILY = "1,2";
				TEST_TARGET_NAME = LuckyPicker;
			};
			name = Release;
		};
/* End XCBuildConfiguration section */

/* Begin XCConfigurationList section */
		BE94D93B2D847C840057A926 /* Build configuration list for PBXProject "LuckyPicker" */ = {
			isa = XCConfigurationList;
			buildConfigurations = (
				BE94D9622D847C850057A926 /* Debug */,
				BE94D9632D847C850057A926 /* Release */,
			);
			defaultConfigurationIsVisible = 0;
			defaultConfigurationName = Release;
		};
		BE94D9642D847C850057A926 /* Build configuration list for PBXNativeTarget "LuckyPicker" */ = {
			isa = XCConfigurationList;
			buildConfigurations = (
				BE94D9652D847C850057A926 /* Debug */,
				BE94D9662D847C850057A926 /* Release */,
			);
			defaultConfigurationIsVisible = 0;
			defaultConfigurationName = Release;
		};
		BE94D9672D847C850057A926 /* Build configuration list for PBXNativeTarget "LuckyPickerTests" */ = {
			isa = XCConfigurationList;
			buildConfigurations = (
				BE94D9682D847C850057A926 /* Debug */,
				BE94D9692D847C850057A926 /* Release */,
			);
			defaultConfigurationIsVisible = 0;
			defaultConfigurationName = Release;
		};
		BE94D96A2D847C850057A926 /* Build configuration list for PBXNativeTarget "LuckyPickerUITests" */ = {
			isa = XCConfigurationList;
			buildConfigurations = (
				BE94D96B2D847C850057A926 /* Debug */,
				BE94D96C2D847C850057A926 /* Release */,
			);
			defaultConfigurationIsVisible = 0;
			defaultConfigurationName = Release;
		};
/* End XCConfigurationList section */
	};
	rootObject = BE94D9382D847C840057A926 /* Project object */;
}
